
Microsoft Visual Studio Solution File, Format Version 12.00
# Visual Studio Version 16
VisualStudioVersion = 16.0.30804.86
MinimumVisualStudioVersion = 10.0.40219.1
Project("{FAE04EC0-301F-11D3-BF4B-00C04F79EFBC}") = "calculator-app", "calculator-app.csproj", "{B89726E2-397A-4027-82C6-97D884E66B02}"
EndProject
Global
	GlobalSection(SolutionConfigurationPlatforms) = preSolution
		Debug|Any CPU = Debug|Any CPU
		Release|Any CPU = Release|Any CPU
	EndGlobalSection
	GlobalSection(ProjectConfigurationPlatforms) = postSolution
		{B89726E2-397A-4027-82C6-97D884E66B02}.Debug|Any CPU.ActiveCfg = Debug|Any CPU
		{B89726E2-397A-4027-82C6-97D884E66B02}.Debug|Any CPU.Build.0 = Debug|Any CPU
		{B89726E2-397A-4027-82C6-97D884E66B02}.Release|Any CPU.ActiveCfg = Release|Any CPU
		{B89726E2-397A-4027-82C6-97D884E66B02}.Release|Any CPU.Build.0 = Release|Any CPU
	EndGlobalSection
	GlobalSection(SolutionProperties) = preSolution
		HideSolutionNode = FALSE
	EndGlobalSection
	GlobalSection(ExtensibilityGlobals) = postSolution
		SolutionGuid = {FEB441DE-1566-44D3-BD3F-3653AC73BEAF}
	EndGlobalSection
EndGlobal
